
Microsoft Visual Studio Solution File, Format Version 12.00
# Visual Studio Version 17
VisualStudioVersion = 17.6.33829.357
MinimumVisualStudioVersion = 10.0.40219.1
Project("{FAE04EC0-301F-11D3-BF4B-00C04F79EFBC}") = "RGPCombat", "RGPCombat\RGPCombat.csproj", "{C10B383E-863A-4C19-9787-BD30C5D15D46}"
EndProject
Project("{FAE04EC0-301F-11D3-BF4B-00C04F79EFBC}") = "CombatTests", "CombatTests\CombatTests.csproj", "{711BAEB0-C00E-48ED-A7A4-7E485AA00E17}"
EndProject
Global
	GlobalSection(SolutionConfigurationPlatforms) = preSolution
		Debug|Any CPU = Debug|Any CPU
		Release|Any CPU = Release|Any CPU
	EndGlobalSection
	GlobalSection(ProjectConfigurationPlatforms) = postSolution
		{C10B383E-863A-4C19-9787-BD30C5D15D46}.Debug|Any CPU.ActiveCfg = Debug|Any CPU
		{C10B383E-863A-4C19-9787-BD30C5D15D46}.Debug|Any CPU.Build.0 = Debug|Any CPU
		{C10B383E-863A-4C19-9787-BD30C5D15D46}.Release|Any CPU.ActiveCfg = Release|Any CPU
		{C10B383E-863A-4C19-9787-BD30C5D15D46}.Release|Any CPU.Build.0 = Release|Any CPU
		{711BAEB0-C00E-48ED-A7A4-7E485AA00E17}.Debug|Any CPU.ActiveCfg = Debug|Any CPU
		{711BAEB0-C00E-48ED-A7A4-7E485AA00E17}.Debug|Any CPU.Build.0 = Debug|Any CPU
		{711BAEB0-C00E-48ED-A7A4-7E485AA00E17}.Release|Any CPU.ActiveCfg = Release|Any CPU
		{711BAEB0-C00E-48ED-A7A4-7E485AA00E17}.Release|Any CPU.Build.0 = Release|Any CPU
	EndGlobalSection
	GlobalSection(SolutionProperties) = preSolution
		HideSolutionNode = FALSE
	EndGlobalSection
	GlobalSection(ExtensibilityGlobals) = postSolution
		SolutionGuid = {6D13EC8C-F0EC-49E2-BA1E-F6F1EF851100}
	EndGlobalSection
EndGlobal
